
Microsoft Visual Studio Solution File, Format Version 12.00
# Visual Studio 15
VisualStudioVersion = 15.0.27428.2037
MinimumVisualStudioVersion = 10.0.40219.1
Project("{FAE04EC0-301F-11D3-BF4B-00C04F79EFBC}") = "Student_Register_Management_System", "Student_Register_Management_System\Student_Register_Management_System.csproj", "{7CC642D5-065A-4FCA-96F5-9433DD4B830D}"
EndProject
Global
	GlobalSection(SolutionConfigurationPlatforms) = preSolution
		Debug|Any CPU = Debug|Any CPU
		Debug|x64 = Debug|x64
		Debug|x86 = Debug|x86
		Release|Any CPU = Release|Any CPU
		Release|x64 = Release|x64
		Release|x86 = Release|x86
	EndGlobalSection
	GlobalSection(ProjectConfigurationPlatforms) = postSolution
		{7CC642D5-065A-4FCA-96F5-9433DD4B830D}.Debug|Any CPU.ActiveCfg = Debug|Any CPU
		{7CC642D5-065A-4FCA-96F5-9433DD4B830D}.Debug|Any CPU.Build.0 = Debug|Any CPU
		{7CC642D5-065A-4FCA-96F5-9433DD4B830D}.Debug|x64.ActiveCfg = Debug|Any CPU
		{7CC642D5-065A-4FCA-96F5-9433DD4B830D}.Debug|x64.Build.0 = Debug|Any CPU
		{7CC642D5-065A-4FCA-96F5-9433DD4B830D}.Debug|x86.ActiveCfg = Debug|Any CPU
		{7CC642D5-065A-4FCA-96F5-9433DD4B830D}.Debug|x86.Build.0 = Debug|Any CPU
		{7CC642D5-065A-4FCA-96F5-9433DD4B830D}.Release|Any CPU.ActiveCfg = Release|Any CPU
		{7CC642D5-065A-4FCA-96F5-9433DD4B830D}.Release|Any CPU.Build.0 = Release|Any CPU
		{7CC642D5-065A-4FCA-96F5-9433DD4B830D}.Release|x64.ActiveCfg = Release|Any CPU
		{7CC642D5-065A-4FCA-96F5-9433DD4B830D}.Release|x64.Build.0 = Release|Any CPU
		{7CC642D5-065A-4FCA-96F5-9433DD4B830D}.Release|x86.ActiveCfg = Release|Any CPU
		{7CC642D5-065A-4FCA-96F5-9433DD4B830D}.Release|x86.Build.0 = Release|Any CPU
	EndGlobalSection
	GlobalSection(SolutionProperties) = preSolution
		HideSolutionNode = FALSE
	EndGlobalSection
	GlobalSection(ExtensibilityGlobals) = postSolution
		SolutionGuid = {8FD57770-6668-4F31-B418-8856FD922790}
	EndGlobalSection
EndGlobal
